// !$*UTF8*$!
{
	archiveVersion = 1;
	classes = {
	};
	objectVersion = 77;
	objects = {

/* Begin PBXBuildFile section */
		BE6187352FC3BFEC009EEE8C /* Kingfisher in Frameworks */ = {isa = PBXBuildFile; productRef = BE6187342FC3BFEC009EEE8C /* Kingfisher */; };
		BEB028B12F78C1F50051AEBD /* GoogleSignIn in Frameworks */ = {isa = PBXBuildFile; productRef = BEB028B02F78C1F50051AEBD /* GoogleSignIn */; };
		BEB028B32F78C1F50051AEBD /* GoogleSignInSwift in Frameworks */ = {isa = PBXBuildFile; productRef = BEB028B22F78C1F50051AEBD /* GoogleSignInSwift */; };
		BEC56AA92F8C394E000AE88C /* Swinject in Frameworks */ = {isa = PBXBuildFile; productRef = BEC56AA82F8C394E000AE88C /* Swinject */; };
/* End PBXBuildFile section */

/* Begin PBXContainerItemProxy section */
		BED0F0562F70080400B93BC9 /* PBXContainerItemProxy */ = {
			isa = PBXContainerItemProxy;
			containerPortal = BED0F0402F70080200B93BC9 /* Project object */;
			proxyType = 1;
			remoteGlobalIDString = BED0F0472F70080200B93BC9;
			remoteInfo = PaintresLumiere;
		};
		BED0F0602F70080400B93BC9 /* PBXContainerItemProxy */ = {
			isa = PBXContainerItemProxy;
			containerPortal = BED0F0402F70080200B93BC9 /* Project object */;
			proxyType = 1;
			remoteGlobalIDString = BED0F0472F70080200B93BC9;
			remoteInfo = PaintresLumiere;
		};
/* End PBXContainerItemProxy section */

/* Begin PBXFileReference section */
		BE130919306074850051D97B /* spec.md */ = {isa = PBXFileReference; lastKnownFileType = net.daringfireball.markdown; path = spec.md; sourceTree = "<group>"; };
		BE13091B306074850051D97B /* spec.md */ = {isa = PBXFileReference; lastKnownFileType = net.daringfireball.markdown; path = spec.md; sourceTree = "<group>"; };
		BE13091D306074850051D97B /* spec.md */ = {isa = PBXFileReference; lastKnownFileType = net.daringfireball.markdown; path = spec.md; sourceTree = "<group>"; };
		BE13091F306074850051D97B /* spec.md */ = {isa = PBXFileReference; lastKnownFileType = net.daringfireball.markdown; path = spec.md; sourceTree = "<group>"; };
		BE130921306074850051D97B /* spec.md */ = {isa = PBXFileReference; lastKnownFileType = net.daringfireball.markdown; path = spec.md; sourceTree = "<group>"; };
		BE130923306074850051D97B /* spec.md */ = {isa = PBXFileReference; lastKnownFileType = net.daringfireball.markdown; path = spec.md; sourceTree = "<group>"; };
		BE130925306074850051D97B /* spec.md */ = {isa = PBXFileReference; lastKnownFileType = net.daringfireball.markdown; path = spec.md; sourceTree = "<group>"; };
		BE130928306074850051D97B /* STATE.md */ = {isa = PBXFileReference; lastKnownFileType = net.daringfireball.markdown; path = STATE.md; sourceTree = "<group>"; };
		BED0F0482F70080200B93BC9 /* PaintresLumiere.app */ = {isa = PBXFileReference; explicitFileType = wrapper.application; includeInIndex = 0; path = PaintresLumiere.app; sourceTree = BUILT_PRODUCTS_DIR; };
		BED0F0552F70080400B93BC9 /* PaintresLumiereTests.xctest */ = {isa = PBXFileReference; explicitFileType = wrapper.cfbundle; includeInIndex = 0; path = PaintresLumiereTests.xctest; sourceTree = BUILT_PRODUCTS_DIR; };
		BED0F05F2F70080400B93BC9 /* PaintresLumiereUITests.xctest */ = {isa = PBXFileReference; explicitFileType = wrapper.cfbundle; includeInIndex = 0; path = PaintresLumiereUITests.xctest; sourceTree = BUILT_PRODUCTS_DIR; };
/* End PBXFileReference section */

/* Begin PBXFileSystemSynchronizedBuildFileExceptionSet section */
		BEB028BE2F79CFF20051AEBD /* Exceptions for "PaintresLumiere" folder in "PaintresLumiere" target */ = {
			isa = PBXFileSystemSynchronizedBuildFileExceptionSet;
			membershipExceptions = (
				Info.plist,
			);
			target = BED0F0472F70080200B93BC9 /* PaintresLumiere */;
		};
/* End PBXFileSystemSynchronizedBuildFileExceptionSet section */

/* Begin PBXFileSystemSynchronizedRootGroup section */
		BED0F04A2F70080200B93BC9 /* PaintresLumiere */ = {
			isa = PBXFileSystemSynchronizedRootGroup;
			exceptions = (
				BEB028BE2F79CFF20051AEBD /* Exceptions for "PaintresLumiere" folder in "PaintresLumiere" target */,
			);
			path = PaintresLumiere;
			sourceTree = "<group>";
		};
		BED0F0582F70080400B93BC9 /* PaintresLumiereTests */ = {
			isa = PBXFileSystemSynchronizedRootGroup;
			path = PaintresLumiereTests;
			sourceTree = "<group>";
		};
		BED0F0622F70080400B93BC9 /* PaintresLumiereUITests */ = {
			isa = PBXFileSystemSynchronizedRootGroup;
			path = PaintresLumiereUITests;
			sourceTree = "<group>";
		};
/* End PBXFileSystemSynchronizedRootGroup section */

/* Begin PBXFrameworksBuildPhase section */
		BED0F0452F70080200B93BC9 /* Frameworks */ = {
			isa = PBXFrameworksBuildPhase;
			buildActionMask = 2147483647;
			files = (
				BE6187352FC3BFEC009EEE8C /* Kingfisher in Frameworks */,
				BEB028B32F78C1F50051AEBD /* GoogleSignInSwift in Frameworks */,
				BEB028B12F78C1F50051AEBD /* GoogleSignIn in Frameworks */,
				BEC56AA92F8C394E000AE88C /* Swinject in Frameworks */,
			);
			runOnlyForDeploymentPostprocessing = 0;
		};
		BED0F0522F70080400B93BC9 /* Frameworks */ = {
			isa = PBXFrameworksBuildPhase;
			buildActionMask = 2147483647;
			files = (
			);
			runOnlyForDeploymentPostprocessing = 0;
		};
		BED0F05C2F70080400B93BC9 /* Frameworks */ = {
			isa = PBXFrameworksBuildPhase;
			buildActionMask = 2147483647;
			files = (
			);
			runOnlyForDeploymentPostprocessing = 0;
		};
/* End PBXFrameworksBuildPhase section */

/* Begin PBXGroup section */
		BE13091A306074850051D97B /* api-decoding-resilience */ = {
			isa = PBXGroup;
			children = (
				BE130919306074850051D97B /* spec.md */,
			);
			path = "api-decoding-resilience";
			sourceTree = "<group>";
		};
		BE13091C306074850051D97B /* apple-sign-in */ = {
			isa = PBXGroup;
			children = (
				BE13091B306074850051D97B /* spec.md */,
			);
			path = "apple-sign-in";
			sourceTree = "<group>";
		};
		BE13091E306074850051D97B /* authentication */ = {
			isa = PBXGroup;
			children = (
				BE13091D306074850051D97B /* spec.md */,
			);
			path = authentication;
			sourceTree = "<group>";
		};
		BE130920306074850051D97B /* google-sign-in */ = {
			isa = PBXGroup;
			children = (
				BE13091F306074850051D97B /* spec.md */,
			);
			path = "google-sign-in";
			sourceTree = "<group>";
		};
		BE130922306074850051D97B /* product-catalog */ = {
			isa = PBXGroup;
			children = (
				BE130921306074850051D97B /* spec.md */,
			);
			path = "product-catalog";
			sourceTree = "<group>";
		};
		BE130924306074850051D97B /* product-details */ = {
			isa = PBXGroup;
			children = (
				BE130923306074850051D97B /* spec.md */,
			);
			path = "product-details";
			sourceTree = "<group>";
		};
		BE130926306074850051D97B /* profile */ = {
			isa = PBXGroup;
			children = (
				BE130925306074850051D97B /* spec.md */,
			);
			path = profile;
			sourceTree = "<group>";
		};
		BE130927306074850051D97B /* features */ = {
			isa = PBXGroup;
			children = (
				BE13091A306074850051D97B /* api-decoding-resilience */,
				BE13091C306074850051D97B /* apple-sign-in */,
				BE13091E306074850051D97B /* authentication */,
				BE130920306074850051D97B /* google-sign-in */,
				BE130922306074850051D97B /* product-catalog */,
				BE130924306074850051D97B /* product-details */,
				BE130926306074850051D97B /* profile */,
			);
			path = features;
			sourceTree = "<group>";
		};
		BE130929306074850051D97B /* .specs */ = {
			isa = PBXGroup;
			children = (
				BE130927306074850051D97B /* features */,
				BE130928306074850051D97B /* STATE.md */,
			);
			name = .specs;
			path = ../.specs;
			sourceTree = SOURCE_ROOT;
		};
		BED0F03F2F70080200B93BC9 = {
			isa = PBXGroup;
			children = (
				BE130929306074850051D97B /* .specs */,
				BED0F04A2F70080200B93BC9 /* PaintresLumiere */,
				BED0F0582F70080400B93BC9 /* PaintresLumiereTests */,
				BED0F0622F70080400B93BC9 /* PaintresLumiereUITests */,
				BED0F0492F70080200B93BC9 /* Products */,
			);
			sourceTree = "<group>";
		};
		BED0F0492F70080200B93BC9 /* Products */ = {
			isa = PBXGroup;
			children = (
				BED0F0482F70080200B93BC9 /* PaintresLumiere.app */,
				BED0F0552F70080400B93BC9 /* PaintresLumiereTests.xctest */,
				BED0F05F2F70080400B93BC9 /* PaintresLumiereUITests.xctest */,
			);
			name = Products;
			sourceTree = "<group>";
		};
/* End PBXGroup section */

/* Begin PBXNativeTarget section */
		BED0F0472F70080200B93BC9 /* PaintresLumiere */ = {
			isa = PBXNativeTarget;
			buildConfigurationList = BED0F0692F70080400B93BC9 /* Build configuration list for PBXNativeTarget "PaintresLumiere" */;
			buildPhases = (
				BED0F0442F70080200B93BC9 /* Sources */,
				BED0F0452F70080200B93BC9 /* Frameworks */,
				BED0F0462F70080200B93BC9 /* Resources */,
			);
			buildRules = (
			);
			dependencies = (
			);
			fileSystemSynchronizedGroups = (
				BED0F04A2F70080200B93BC9 /* PaintresLumiere */,
			);
			name = PaintresLumiere;
			packageProductDependencies = (
				BEB028B02F78C1F50051AEBD /* GoogleSignIn */,
				BEB028B22F78C1F50051AEBD /* GoogleSignInSwift */,
				BEC56AA82F8C394E000AE88C /* Swinject */,
				BE6187342FC3BFEC009EEE8C /* Kingfisher */,
			);
			productName = PaintresLumiere;
			productReference = BED0F0482F70080200B93BC9 /* PaintresLumiere.app */;
			productType = "com.apple.product-type.application";
		};
		BED0F0542F70080400B93BC9 /* PaintresLumiereTests */ = {
			isa = PBXNativeTarget;
			buildConfigurationList = BED0F06C2F70080400B93BC9 /* Build configuration list for PBXNativeTarget "PaintresLumiereTests" */;
			buildPhases = (
				BED0F0512F70080400B93BC9 /* Sources */,
				BED0F0522F70080400B93BC9 /* Frameworks */,
				BED0F0532F70080400B93BC9 /* Resources */,
			);
			buildRules = (
			);
			dependencies = (
				BED0F0572F70080400B93BC9 /* PBXTargetDependency */,
			);
			fileSystemSynchronizedGroups = (
				BED0F0582F70080400B93BC9 /* PaintresLumiereTests */,
			);
			name = PaintresLumiereTests;
			packageProductDependencies = (
			);
			productName = PaintresLumiereTests;
			productReference = BED0F0552F70080400B93BC9 /* PaintresLumiereTests.xctest */;
			productType = "com.apple.product-type.bundle.unit-test";
		};
		BED0F05E2F70080400B93BC9 /* PaintresLumiereUITests */ = {
			isa = PBXNativeTarget;
			buildConfigurationList = BED0F06F2F70080400B93BC9 /* Build configuration list for PBXNativeTarget "PaintresLumiereUITests" */;
			buildPhases = (
				BED0F05B2F70080400B93BC9 /* Sources */,
				BED0F05C2F70080400B93BC9 /* Frameworks */,
				BED0F05D2F70080400B93BC9 /* Resources */,
			);
			buildRules = (
			);
			dependencies = (
				BED0F0612F70080400B93BC9 /* PBXTargetDependency */,
			);
			fileSystemSynchronizedGroups = (
				BED0F0622F70080400B93BC9 /* PaintresLumiereUITests */,
			);
			name = PaintresLumiereUITests;
			packageProductDependencies = (
			);
			productName = PaintresLumiereUITests;
			productReference = BED0F05F2F70080400B93BC9 /* PaintresLumiereUITests.xctest */;
			productType = "com.apple.product-type.bundle.ui-testing";
		};
/* End PBXNativeTarget section */

/* Begin PBXProject section */
		BED0F0402F70080200B93BC9 /* Project object */ = {
			isa = PBXProject;
			attributes = {
				BuildIndependentTargetsInParallel = 1;
				LastSwiftUpdateCheck = 2610;
				LastUpgradeCheck = 2610;
				TargetAttributes = {
					BED0F0472F70080200B93BC9 = {
						CreatedOnToolsVersion = 26.1.1;
					};
					BED0F0542F70080400B93BC9 = {
						CreatedOnToolsVersion = 26.1.1;
						TestTargetID = BED0F0472F70080200B93BC9;
					};
					BED0F05E2F70080400B93BC9 = {
						CreatedOnToolsVersion = 26.1.1;
						TestTargetID = BED0F0472F70080200B93BC9;
					};
				};
			};
			buildConfigurationList = BED0F0432F70080200B93BC9 /* Build configuration list for PBXProject "PaintresLumiere" */;
			developmentRegion = en;
			hasScannedForEncodings = 0;
			knownRegions = (
				en,
				Base,
			);
			mainGroup = BED0F03F2F70080200B93BC9;
			minimizedProjectReferenceProxies = 1;
			packageReferences = (
				BEB028AF2F78C1F50051AEBD /* XCRemoteSwiftPackageReference "GoogleSignIn-iOS" */,
				BEC56AA72F8C394E000AE88C /* XCRemoteSwiftPackageReference "Swinject" */,
				BE6187332FC3BFEC009EEE8C /* XCRemoteSwiftPackageReference "Kingfisher" */,
			);
			preferredProjectObjectVersion = 77;
			productRefGroup = BED0F0492F70080200B93BC9 /* Products */;
			projectDirPath = "";
			projectRoot = "";
			targets = (
				BED0F0472F70080200B93BC9 /* PaintresLumiere */,
				BED0F0542F70080400B93BC9 /* PaintresLumiereTests */,
				BED0F05E2F70080400B93BC9 /* PaintresLumiereUITests */,
			);
		};
/* End PBXProject section */

/* Begin PBXResourcesBuildPhase section */
		BED0F0462F70080200B93BC9 /* Resources */ = {
			isa = PBXResourcesBuildPhase;
			buildActionMask = 2147483647;
			files = (
			);
			runOnlyForDeploymentPostprocessing = 0;
		};
		BED0F0532F70080400B93BC9 /* Resources */ = {
			isa = PBXResourcesBuildPhase;
			buildActionMask = 2147483647;
			files = (
			);
			runOnlyForDeploymentPostprocessing = 0;
		};
		BED0F05D2F70080400B93BC9 /* Resources */ = {
			isa = PBXResourcesBuildPhase;
			buildActionMask = 2147483647;
			files = (
			);
			runOnlyForDeploymentPostprocessing = 0;
		};
/* End PBXResourcesBuildPhase section */

/* Begin PBXSourcesBuildPhase section */
		BED0F0442F70080200B93BC9 /* Sources */ = {
			isa = PBXSourcesBuildPhase;
			buildActionMask = 2147483647;
			files = (
			);
			runOnlyForDeploymentPostprocessing = 0;
		};
		BED0F0512F70080400B93BC9 /* Sources */ = {
			isa = PBXSourcesBuildPhase;
			buildActionMask = 2147483647;
			files = (
			);
			runOnlyForDeploymentPostprocessing = 0;
		};
		BED0F05B2F70080400B93BC9 /* Sources */ = {
			isa = PBXSourcesBuildPhase;
			buildActionMask = 2147483647;
			files = (
			);
			runOnlyForDeploymentPostprocessing = 0;
		};
/* End PBXSourcesBuildPhase section */

/* Begin PBXTargetDependency section */
		BED0F0572F70080400B93BC9 /* PBXTargetDependency */ = {
			isa = PBXTargetDependency;
			target = BED0F0472F70080200B93BC9 /* PaintresLumiere */;
			targetProxy = BED0F0562F70080400B93BC9 /* PBXContainerItemProxy */;
		};
		BED0F0612F70080400B93BC9 /* PBXTargetDependency */ = {
			isa = PBXTargetDependency;
			target = BED0F0472F70080200B93BC9 /* PaintresLumiere */;
			targetProxy = BED0F0602F70080400B93BC9 /* PBXContainerItemProxy */;
		};
/* End PBXTargetDependency section */

/* Begin XCBuildConfiguration section */
		BED0F0672F70080400B93BC9 /* Debug */ = {
			isa = XCBuildConfiguration;
			buildSettings = {
				ALWAYS_SEARCH_USER_PATHS = NO;
				ASSETCATALOG_COMPILER_GENERATE_SWIFT_ASSET_SYMBOL_EXTENSIONS = YES;
				CLANG_ANALYZER_NONNULL = YES;
				CLANG_ANALYZER_NUMBER_OBJECT_CONVERSION = YES_AGGRESSIVE;
				CLANG_CXX_LANGUAGE_STANDARD = "gnu++20";
				CLANG_ENABLE_MODULES = YES;
				CLANG_ENABLE_OBJC_ARC = YES;
				CLANG_ENABLE_OBJC_WEAK = YES;
				CLANG_WARN_BLOCK_CAPTURE_AUTORELEASING = YES;
				CLANG_WARN_BOOL_CONVERSION = YES;
				CLANG_WARN_COMMA = YES;
				CLANG_WARN_CONSTANT_CONVERSION = YES;
				CLANG_WARN_DEPRECATED_OBJC_IMPLEMENTATIONS = YES;
				CLANG_WARN_DIRECT_OBJC_ISA_USAGE = YES_ERROR;
				CLANG_WARN_DOCUMENTATION_COMMENTS = YES;
				CLANG_WARN_EMPTY_BODY = YES;
				CLANG_WARN_ENUM_CONVERSION = YES;
				CLANG_WARN_INFINITE_RECURSION = YES;
				CLANG_WARN_INT_CONVERSION = YES;
				CLANG_WARN_NON_LITERAL_NULL_CONVERSION = YES;
				CLANG_WARN_OBJC_IMPLICIT_RETAIN_SELF = YES;
				CLANG_WARN_OBJC_LITERAL_CONVERSION = YES;
				CLANG_WARN_OBJC_ROOT_CLASS = YES_ERROR;
				CLANG_WARN_QUOTED_INCLUDE_IN_FRAMEWORK_HEADER = YES;
				CLANG_WARN_RANGE_LOOP_ANALYSIS = YES;
				CLANG_WARN_STRICT_PROTOTYPES = YES;
				CLANG_WARN_SUSPICIOUS_MOVE = YES;
				CLANG_WARN_UNGUARDED_AVAILABILITY = YES_AGGRESSIVE;
				CLANG_WARN_UNREACHABLE_CODE = YES;
				CLANG_WARN__DUPLICATE_METHOD_MATCH = YES;
				COPY_PHASE_STRIP = NO;
				DEBUG_INFORMATION_FORMAT = dwarf;
				DEVELOPMENT_TEAM = 966B95DH9Z;
				ENABLE_STRICT_OBJC_MSGSEND = YES;
				ENABLE_TESTABILITY = YES;
				ENABLE_USER_SCRIPT_SANDBOXING = YES;
				GCC_C_LANGUAGE_STANDARD = gnu17;
				GCC_DYNAMIC_NO_PIC = NO;
				GCC_NO_COMMON_BLOCKS = YES;
				GCC_OPTIMIZATION_LEVEL = 0;
				GCC_PREPROCESSOR_DEFINITIONS = (
					"DEBUG=1",
					"$(inherited)",
				);
				GCC_WARN_64_TO_32_BIT_CONVERSION = YES;
				GCC_WARN_ABOUT_RETURN_TYPE = YES_ERROR;
				GCC_WARN_UNDECLARED_SELECTOR = YES;
				GCC_WARN_UNINITIALIZED_AUTOS = YES_AGGRESSIVE;
				GCC_WARN_UNUSED_FUNCTION = YES;
				GCC_WARN_UNUSED_VARIABLE = YES;
				LOCALIZATION_PREFERS_STRING_CATALOGS = YES;
				MTL_ENABLE_DEBUG_INFO = INCLUDE_SOURCE;
				MTL_FAST_MATH = YES;
				ONLY_ACTIVE_ARCH = YES;
				SWIFT_ACTIVE_COMPILATION_CONDITIONS = "DEBUG $(inherited)";
				SWIFT_OPTIMIZATION_LEVEL = "-Onone";
			};
			name = Debug;
		};
		BED0F0682F70080400B93BC9 /* Release */ = {
			isa = XCBuildConfiguration;
			buildSettings = {
				ALWAYS_SEARCH_USER_PATHS = NO;
				ASSETCATALOG_COMPILER_GENERATE_SWIFT_ASSET_SYMBOL_EXTENSIONS = YES;
				CLANG_ANALYZER_NONNULL = YES;
				CLANG_ANALYZER_NUMBER_OBJECT_CONVERSION = YES_AGGRESSIVE;
				CLANG_CXX_LANGUAGE_STANDARD = "gnu++20";
				CLANG_ENABLE_MODULES = YES;
				CLANG_ENABLE_OBJC_ARC = YES;
				CLANG_ENABLE_OBJC_WEAK = YES;
				CLANG_WARN_BLOCK_CAPTURE_AUTORELEASING = YES;
				CLANG_WARN_BOOL_CONVERSION = YES;
				CLANG_WARN_COMMA = YES;
				CLANG_WARN_CONSTANT_CONVERSION = YES;
				CLANG_WARN_DEPRECATED_OBJC_IMPLEMENTATIONS = YES;
				CLANG_WARN_DIRECT_OBJC_ISA_USAGE = YES_ERROR;
				CLANG_WARN_DOCUMENTATION_COMMENTS = YES;
				CLANG_WARN_EMPTY_BODY = YES;
				CLANG_WARN_ENUM_CONVERSION = YES;
				CLANG_WARN_INFINITE_RECURSION = YES;
				CLANG_WARN_INT_CONVERSION = YES;
				CLANG_WARN_NON_LITERAL_NULL_CONVERSION = YES;
				CLANG_WARN_OBJC_IMPLICIT_RETAIN_SELF = YES;
				CLANG_WARN_OBJC_LITERAL_CONVERSION = YES;
				CLANG_WARN_OBJC_ROOT_CLASS = YES_ERROR;
				CLANG_WARN_QUOTED_INCLUDE_IN_FRAMEWORK_HEADER = YES;
				CLANG_WARN_RANGE_LOOP_ANALYSIS = YES;
				CLANG_WARN_STRICT_PROTOTYPES = YES;
				CLANG_WARN_SUSPICIOUS_MOVE = YES;
				CLANG_WARN_UNGUARDED_AVAILABILITY = YES_AGGRESSIVE;
				CLANG_WARN_UNREACHABLE_CODE = YES;
				CLANG_WARN__DUPLICATE_METHOD_MATCH = YES;
				COPY_PHASE_STRIP = NO;
				DEBUG_INFORMATION_FORMAT = "dwarf-with-dsym";
				DEVELOPMENT_TEAM = 966B95DH9Z;
				ENABLE_NS_ASSERTIONS = NO;
				ENABLE_STRICT_OBJC_MSGSEND = YES;
				ENABLE_USER_SCRIPT_SANDBOXING = YES;
				GCC_C_LANGUAGE_STANDARD = gnu17;
				GCC_NO_COMMON_BLOCKS = YES;
				GCC_WARN_64_TO_32_BIT_CONVERSION = YES;
				GCC_WARN_ABOUT_RETURN_TYPE = YES_ERROR;
				GCC_WARN_UNDECLARED_SELECTOR = YES;
				GCC_WARN_UNINITIALIZED_AUTOS = YES_AGGRESSIVE;
				GCC_WARN_UNUSED_FUNCTION = YES;
				GCC_WARN_UNUSED_VARIABLE = YES;
				LOCALIZATION_PREFERS_STRING_CATALOGS = YES;
				MTL_ENABLE_DEBUG_INFO = NO;
				MTL_FAST_MATH = YES;
				SWIFT_COMPILATION_MODE = wholemodule;
			};
			name = Release;
		};
		BED0F06A2F70080400B93BC9 /* Debug */ = {
			isa = XCBuildConfiguration;
			buildSettings = {
				ASSETCATALOG_COMPILER_APPICON_NAME = AppIcon;
				ASSETCATALOG_COMPILER_GLOBAL_ACCENT_COLOR_NAME = AccentColor;
				CODE_SIGN_STYLE = Automatic;
				CURRENT_PROJECT_VERSION = 1;
				DEVELOPMENT_TEAM = VMS7N3ZWG9;
				ENABLE_APP_SANDBOX = YES;
				ENABLE_HARDENED_RUNTIME = YES;
				ENABLE_PREVIEWS = YES;
				ENABLE_USER_SELECTED_FILES = readonly;
				GENERATE_INFOPLIST_FILE = YES;
				INFOPLIST_FILE = PaintresLumiere/Info.plist;
				INFOPLIST_KEY_LSApplicationCategoryType = "public.app-category.graphics-design";
				INFOPLIST_KEY_UIApplicationSceneManifest_Generation = NO;
				"INFOPLIST_KEY_UIApplicationSceneManifest_Generation[sdk=iphoneos*]" = NO;
				"INFOPLIST_KEY_UIApplicationSceneManifest_Generation[sdk=iphonesimulator*]" = NO;
				"INFOPLIST_KEY_UIApplicationSupportsIndirectInputEvents[sdk=iphoneos*]" = YES;
				"INFOPLIST_KEY_UIApplicationSupportsIndirectInputEvents[sdk=iphonesimulator*]" = YES;
				"INFOPLIST_KEY_UILaunchScreen_Generation[sdk=iphoneos*]" = YES;
				"INFOPLIST_KEY_UILaunchScreen_Generation[sdk=iphonesimulator*]" = YES;
				INFOPLIST_KEY_UILaunchStoryboardName = LaunchScreen;
				INFOPLIST_KEY_UIStatusBarHidden = YES;
				INFOPLIST_KEY_UIStatusBarStyle = "";
				"INFOPLIST_KEY_UIStatusBarStyle[sdk=iphoneos*]" = UIStatusBarStyleDefault;
				"INFOPLIST_KEY_UIStatusBarStyle[sdk=iphonesimulator*]" = UIStatusBarStyleDefault;
				INFOPLIST_KEY_UISupportedInterfaceOrientations = UIInterfaceOrientationPortrait;
				INFOPLIST_KEY_UISupportedInterfaceOrientations_iPad = "UIInterfaceOrientationPortrait UIInterfaceOrientationPortraitUpsideDown UIInterfaceOrientationLandscapeLeft UIInterfaceOrientationLandscapeRight";
				IPHONEOS_DEPLOYMENT_TARGET = 18.0;
				LD_RUNPATH_SEARCH_PATHS = "@executable_path/Frameworks";
				"LD_RUNPATH_SEARCH_PATHS[sdk=macosx*]" = "@executable_path/../Frameworks";
				MACOSX_DEPLOYMENT_TARGET = 26.0;
				MARKETING_VERSION = 1.0;
				PRODUCT_BUNDLE_IDENTIFIER = com.luxkasTech.PaintresLumiere;
				PRODUCT_NAME = "$(TARGET_NAME)";
				REGISTER_APP_GROUPS = YES;
				SDKROOT = auto;
				STRING_CATALOG_GENERATE_SYMBOLS = YES;
				SUPPORTED_PLATFORMS = "iphoneos iphonesimulator";
				SUPPORTS_MACCATALYST = NO;
				SWIFT_APPROACHABLE_CONCURRENCY = YES;
				SWIFT_DEFAULT_ACTOR_ISOLATION = MainActor;
				SWIFT_EMIT_LOC_STRINGS = YES;
				SWIFT_UPCOMING_FEATURE_MEMBER_IMPORT_VISIBILITY = YES;
				SWIFT_VERSION = 5.0;
				TARGETED_DEVICE_FAMILY = "1,2";
				XROS_DEPLOYMENT_TARGET = 26.1;
			};
			name = Debug;
		};
		BED0F06B2F70080400B93BC9 /* Release */ = {
			isa = XCBuildConfiguration;
			buildSettings = {
				ASSETCATALOG_COMPILER_APPICON_NAME = AppIcon;
				ASSETCATALOG_COMPILER_GLOBAL_ACCENT_COLOR_NAME = AccentColor;
				CODE_SIGN_STYLE = Automatic;
				CURRENT_PROJECT_VERSION = 1;
				DEVELOPMENT_TEAM = VMS7N3ZWG9;
				ENABLE_APP_SANDBOX = YES;
				ENABLE_HARDENED_RUNTIME = YES;
				ENABLE_PREVIEWS = YES;
				ENABLE_USER_SELECTED_FILES = readonly;
				GENERATE_INFOPLIST_FILE = YES;
				INFOPLIST_FILE = PaintresLumiere/Info.plist;
				INFOPLIST_KEY_LSApplicationCategoryType = "public.app-category.graphics-design";
				INFOPLIST_KEY_UIApplicationSceneManifest_Generation = NO;
				"INFOPLIST_KEY_UIApplicationSceneManifest_Generation[sdk=iphoneos*]" = NO;
				"INFOPLIST_KEY_UIApplicationSceneManifest_Generation[sdk=iphonesimulator*]" = NO;
				"INFOPLIST_KEY_UIApplicationSupportsIndirectInputEvents[sdk=iphoneos*]" = YES;
				"INFOPLIST_KEY_UIApplicationSupportsIndirectInputEvents[sdk=iphonesimulator*]" = YES;
				"INFOPLIST_KEY_UILaunchScreen_Generation[sdk=iphoneos*]" = YES;
				"INFOPLIST_KEY_UILaunchScreen_Generation[sdk=iphonesimulator*]" = YES;
				INFOPLIST_KEY_UILaunchStoryboardName = LaunchScreen;
				INFOPLIST_KEY_UIStatusBarHidden = YES;
				INFOPLIST_KEY_UIStatusBarStyle = "";
				"INFOPLIST_KEY_UIStatusBarStyle[sdk=iphoneos*]" = UIStatusBarStyleDefault;
				"INFOPLIST_KEY_UIStatusBarStyle[sdk=iphonesimulator*]" = UIStatusBarStyleDefault;
				INFOPLIST_KEY_UISupportedInterfaceOrientations = UIInterfaceOrientationPortrait;
				INFOPLIST_KEY_UISupportedInterfaceOrientations_iPad = "UIInterfaceOrientationPortrait UIInterfaceOrientationPortraitUpsideDown UIInterfaceOrientationLandscapeLeft UIInterfaceOrientationLandscapeRight";
				IPHONEOS_DEPLOYMENT_TARGET = 18.0;
				LD_RUNPATH_SEARCH_PATHS = "@executable_path/Frameworks";
				"LD_RUNPATH_SEARCH_PATHS[sdk=macosx*]" = "@executable_path/../Frameworks";
				MACOSX_DEPLOYMENT_TARGET = 26.0;
				MARKETING_VERSION = 1.0;
				PRODUCT_BUNDLE_IDENTIFIER = com.luxkasTech.PaintresLumiere;
				PRODUCT_NAME = "$(TARGET_NAME)";
				REGISTER_APP_GROUPS = YES;
				SDKROOT = auto;
				STRING_CATALOG_GENERATE_SYMBOLS = YES;
				SUPPORTED_PLATFORMS = "iphoneos iphonesimulator";
				SUPPORTS_MACCATALYST = NO;
				SWIFT_APPROACHABLE_CONCURRENCY = YES;
				SWIFT_DEFAULT_ACTOR_ISOLATION = MainActor;
				SWIFT_EMIT_LOC_STRINGS = YES;
				SWIFT_UPCOMING_FEATURE_MEMBER_IMPORT_VISIBILITY = YES;
				SWIFT_VERSION = 5.0;
				TARGETED_DEVICE_FAMILY = "1,2";
				XROS_DEPLOYMENT_TARGET = 26.1;
			};
			name = Release;
		};
		BED0F06D2F70080400B93BC9 /* Debug */ = {
			isa = XCBuildConfiguration;
			buildSettings = {
				BUNDLE_LOADER = "$(TEST_HOST)";
				CODE_SIGN_STYLE = Automatic;
				CURRENT_PROJECT_VERSION = 1;
				DEVELOPMENT_TEAM = 966B95DH9Z;
				GENERATE_INFOPLIST_FILE = YES;
				IPHONEOS_DEPLOYMENT_TARGET = 18.0;
				MACOSX_DEPLOYMENT_TARGET = 26.0;
				MARKETING_VERSION = 1.0;
				PRODUCT_BUNDLE_IDENTIFIER = com.luxkasTech.PaintresLumiereTests;
				PRODUCT_NAME = "$(TARGET_NAME)";
				SDKROOT = auto;
				STRING_CATALOG_GENERATE_SYMBOLS = NO;
				SUPPORTED_PLATFORMS = "iphoneos iphonesimulator macosx xros xrsimulator";
				SWIFT_APPROACHABLE_CONCURRENCY = YES;
				SWIFT_EMIT_LOC_STRINGS = NO;
				SWIFT_UPCOMING_FEATURE_MEMBER_IMPORT_VISIBILITY = YES;
				SWIFT_VERSION = 5.0;
				TARGETED_DEVICE_FAMILY = "1,2,7";
				TEST_HOST = "$(BUILT_PRODUCTS_DIR)/PaintresLumiere.app/$(BUNDLE_EXECUTABLE_FOLDER_PATH)/PaintresLumiere";
				XROS_DEPLOYMENT_TARGET = 26.1;
			};
			name = Debug;
		};
		BED0F06E2F70080400B93BC9 /* Release */ = {
			isa = XCBuildConfiguration;
			buildSettings = {
				BUNDLE_LOADER = "$(TEST_HOST)";
				CODE_SIGN_STYLE = Automatic;
				CURRENT_PROJECT_VERSION = 1;
				DEVELOPMENT_TEAM = 966B95DH9Z;
				GENERATE_INFOPLIST_FILE = YES;
				IPHONEOS_DEPLOYMENT_TARGET = 18.0;
				MACOSX_DEPLOYMENT_TARGET = 26.0;
				MARKETING_VERSION = 1.0;
				PRODUCT_BUNDLE_IDENTIFIER = com.luxkasTech.PaintresLumiereTests;
				PRODUCT_NAME = "$(TARGET_NAME)";
				SDKROOT = auto;
				STRING_CATALOG_GENERATE_SYMBOLS = NO;
				SUPPORTED_PLATFORMS = "iphoneos iphonesimulator macosx xros xrsimulator";
				SWIFT_APPROACHABLE_CONCURRENCY = YES;
				SWIFT_EMIT_LOC_STRINGS = NO;
				SWIFT_UPCOMING_FEATURE_MEMBER_IMPORT_VISIBILITY = YES;
				SWIFT_VERSION = 5.0;
				TARGETED_DEVICE_FAMILY = "1,2,7";
				TEST_HOST = "$(BUILT_PRODUCTS_DIR)/PaintresLumiere.app/$(BUNDLE_EXECUTABLE_FOLDER_PATH)/PaintresLumiere";
				XROS_DEPLOYMENT_TARGET = 26.1;
			};
			name = Release;
		};
		BED0F0702F70080400B93BC9 /* Debug */ = {
			isa = XCBuildConfiguration;
			buildSettings = {
				CODE_SIGN_STYLE = Automatic;
				CURRENT_PROJECT_VERSION = 1;
				DEVELOPMENT_TEAM = 966B95DH9Z;
				GENERATE_INFOPLIST_FILE = YES;
				IPHONEOS_DEPLOYMENT_TARGET = 18.0;
				MACOSX_DEPLOYMENT_TARGET = 26.0;
				MARKETING_VERSION = 1.0;
				PRODUCT_BUNDLE_IDENTIFIER = com.luxkasTech.PaintresLumiereUITests;
				PRODUCT_NAME = "$(TARGET_NAME)";
				SDKROOT = auto;
				STRING_CATALOG_GENERATE_SYMBOLS = NO;
				SUPPORTED_PLATFORMS = "iphoneos iphonesimulator macosx xros xrsimulator";
				SWIFT_APPROACHABLE_CONCURRENCY = YES;
				SWIFT_EMIT_LOC_STRINGS = NO;
				SWIFT_UPCOMING_FEATURE_MEMBER_IMPORT_VISIBILITY = YES;
				SWIFT_VERSION = 5.0;
				TARGETED_DEVICE_FAMILY = "1,2,7";
				TEST_TARGET_NAME = PaintresLumiere;
				XROS_DEPLOYMENT_TARGET = 26.1;
			};
			name = Debug;
		};
		BED0F0712F70080400B93BC9 /* Release */ = {
			isa = XCBuildConfiguration;
			buildSettings = {
				CODE_SIGN_STYLE = Automatic;
				CURRENT_PROJECT_VERSION = 1;
				DEVELOPMENT_TEAM = 966B95DH9Z;
				GENERATE_INFOPLIST_FILE = YES;
				IPHONEOS_DEPLOYMENT_TARGET = 18.0;
				MACOSX_DEPLOYMENT_TARGET = 26.0;
				MARKETING_VERSION = 1.0;
				PRODUCT_BUNDLE_IDENTIFIER = com.luxkasTech.PaintresLumiereUITests;
				PRODUCT_NAME = "$(TARGET_NAME)";
				SDKROOT = auto;
				STRING_CATALOG_GENERATE_SYMBOLS = NO;
				SUPPORTED_PLATFORMS = "iphoneos iphonesimulator macosx xros xrsimulator";
				SWIFT_APPROACHABLE_CONCURRENCY = YES;
				SWIFT_EMIT_LOC_STRINGS = NO;
				SWIFT_UPCOMING_FEATURE_MEMBER_IMPORT_VISIBILITY = YES;
				SWIFT_VERSION = 5.0;
				TARGETED_DEVICE_FAMILY = "1,2,7";
				TEST_TARGET_NAME = PaintresLumiere;
				XROS_DEPLOYMENT_TARGET = 26.1;
			};
			name = Release;
		};
/* End XCBuildConfiguration section */

/* Begin XCConfigurationList section */
		BED0F0432F70080200B93BC9 /* Build configuration list for PBXProject "PaintresLumiere" */ = {
			isa = XCConfigurationList;
			buildConfigurations = (
				BED0F0672F70080400B93BC9 /* Debug */,
				BED0F0682F70080400B93BC9 /* Release */,
			);
			defaultConfigurationIsVisible = 0;
			defaultConfigurationName = Release;
		};
		BED0F0692F70080400B93BC9 /* Build configuration list for PBXNativeTarget "PaintresLumiere" */ = {
			isa = XCConfigurationList;
			buildConfigurations = (
				BED0F06A2F70080400B93BC9 /* Debug */,
				BED0F06B2F70080400B93BC9 /* Release */,
			);
			defaultConfigurationIsVisible = 0;
			defaultConfigurationName = Release;
		};
		BED0F06C2F70080400B93BC9 /* Build configuration list for PBXNativeTarget "PaintresLumiereTests" */ = {
			isa = XCConfigurationList;
			buildConfigurations = (
				BED0F06D2F70080400B93BC9 /* Debug */,
				BED0F06E2F70080400B93BC9 /* Release */,
			);
			defaultConfigurationIsVisible = 0;
			defaultConfigurationName = Release;
		};
		BED0F06F2F70080400B93BC9 /* Build configuration list for PBXNativeTarget "PaintresLumiereUITests" */ = {
			isa = XCConfigurationList;
			buildConfigurations = (
				BED0F0702F70080400B93BC9 /* Debug */,
				BED0F0712F70080400B93BC9 /* Release */,
			);
			defaultConfigurationIsVisible = 0;
			defaultConfigurationName = Release;
		};
/* End XCConfigurationList section */

/* Begin XCRemoteSwiftPackageReference section */
		BE6187332FC3BFEC009EEE8C /* XCRemoteSwiftPackageReference "Kingfisher" */ = {
			isa = XCRemoteSwiftPackageReference;
			repositoryURL = "https://github.com/onevcat/Kingfisher";
			requirement = {
				kind = upToNextMajorVersion;
				minimumVersion = 8.9.0;
			};
		};
		BEB028AF2F78C1F50051AEBD /* XCRemoteSwiftPackageReference "GoogleSignIn-iOS" */ = {
			isa = XCRemoteSwiftPackageReference;
			repositoryURL = "https://github.com/google/GoogleSignIn-iOS";
			requirement = {
				kind = upToNextMajorVersion;
				minimumVersion = 9.1.0;
			};
		};
		BEC56AA72F8C394E000AE88C /* XCRemoteSwiftPackageReference "Swinject" */ = {
			isa = XCRemoteSwiftPackageReference;
			repositoryURL = "https://github.com/Swinject/Swinject.git";
			requirement = {
				kind = upToNextMajorVersion;
				minimumVersion = 2.10.0;
			};
		};
/* End XCRemoteSwiftPackageReference section */

/* Begin XCSwiftPackageProductDependency section */
		BE6187342FC3BFEC009EEE8C /* Kingfisher */ = {
			isa = XCSwiftPackageProductDependency;
			package = BE6187332FC3BFEC009EEE8C /* XCRemoteSwiftPackageReference "Kingfisher" */;
			productName = Kingfisher;
		};
		BEB028B02F78C1F50051AEBD /* GoogleSignIn */ = {
			isa = XCSwiftPackageProductDependency;
			package = BEB028AF2F78C1F50051AEBD /* XCRemoteSwiftPackageReference "GoogleSignIn-iOS" */;
			productName = GoogleSignIn;
		};
		BEB028B22F78C1F50051AEBD /* GoogleSignInSwift */ = {
			isa = XCSwiftPackageProductDependency;
			package = BEB028AF2F78C1F50051AEBD /* XCRemoteSwiftPackageReference "GoogleSignIn-iOS" */;
			productName = GoogleSignInSwift;
		};
		BEC56AA82F8C394E000AE88C /* Swinject */ = {
			isa = XCSwiftPackageProductDependency;
			package = BEC56AA72F8C394E000AE88C /* XCRemoteSwiftPackageReference "Swinject" */;
			productName = Swinject;
		};
/* End XCSwiftPackageProductDependency section */
	};
	rootObject = BED0F0402F70080200B93BC9 /* Project object */;
}
